hash: 62237812058152cf79d2aff8ea4976e42858d1e9278d213ebe72e97ba9b39152
updated: 2017-12-06T09:49:11.040204864-02:00
imports:
- name: github.com/apache/thrift
  version: 05a08ce9c177ffbe8c395fdc9e8f5a4c5daef02c
  subpackages:
  - lib/go/thrift
- name: github.com/coreos/etcd
  version: 7e0fc6136eb4c5dc3c8c39ff48eb29e87b7158ab
  subpackages:
  - client
  - pkg/pathutil
  - pkg/srv
  - pkg/types
  - version
- name: github.com/coreos/go-semver
  version: 8ab6407b697782a06568d4b7f1db25550ec2e4c6
  subpackages:
  - semver
- name: github.com/davecgh/go-spew
  version: ecdeabc65495df2dec95d7c4a4c3e021903035e5
  subpackages:
  - spew
- name: github.com/eapache/go-resiliency
  version: b1fe83b5b03f624450823b751b662259ffc6af70
  subpackages:
  - breaker
- name: github.com/eapache/go-xerial-snappy
  version: bb955e01b9346ac19dc29eb16586c90ded99a98c
- name: github.com/eapache/queue
  version: 44cc805cf13205b55f69e14bcb69867d1ae92f98
- name: github.com/go-logfmt/logfmt
  version: 390ab7935ee28ec6b286364bba9b4dd6410cb3d5
- name: github.com/gogo/protobuf
  version: 41168f6614b7bb144818ec8967b8c702705df564
  subpackages:
  - proto
- name: github.com/golang/protobuf
  version: 5a0f697c9ed9d68fef0116532c6e05cfeae00e55
  subpackages:
  - jsonpb
  - proto
  - protoc-gen-go/descriptor
  - ptypes
  - ptypes/any
  - ptypes/duration
  - ptypes/empty
  - ptypes/struct
  - ptypes/timestamp
- name: github.com/golang/snappy
  version: 553a641470496b2327abcac10b36396bd98e45c9
- name: github.com/google/go-genproto
  version: 7f0da29060c682909f650ad8ed4e515bd74fa12a
  subpackages:
  - tree/master/googleapis/api/annotations
- name: github.com/grpc-ecosystem/grpc-gateway
  version: 589b126116b5fc961939b3e156c29e4d9d58222f
  subpackages:
  - runtime
  - runtime/internal
  - utilities
- name: github.com/grpc-ecosystem/grpc-opentracing
  version: 01f8541d537215b2867e2745a1eb85c58c7c6b81
  subpackages:
  - go/otgrpc
- name: github.com/hashicorp/consul
  version: 185f971a0b52fd0c29b404a0cabfe4d3d1bf4ce9
  subpackages:
  - api
- name: github.com/hashicorp/go-cleanhttp
  version: 06c9ea3a335b7443026f8124b22619524420291b
- name: github.com/hashicorp/go-rootcerts
  version: 6bb64b370b90e7ef1fa532be9e591a81c3493e00
- name: github.com/hashicorp/serf
  version: ecf2bb3b4cb80cf2371d2993fbf1af187f718a84
  subpackages:
  - coordinate
- name: github.com/kr/logfmt
  version: b84e30acd515aadc4b783ad4ff83aff3299bdfe0
- name: github.com/lucasmbaia/go-environment
  version: 7bca66e26f46c1e6cf78426c64f4a59a1756faa1
  subpackages:
  - etcd
  - local
- name: github.com/lucasmbaia/grpc-base
  version: 416633893d75bc7f2518eb6819242d25729fd4e6
  subpackages:
  - base
  - config
  - consul
  - utils
  - zipkin
- name: github.com/lucasmbaia/grpc-fibonacci
  version: f7ea3b0b3e371fbb555f6ac0f4f188be839b7b4a
  subpackages:
  - client
  - proto
- name: github.com/lucasmbaia/grpc-mathoperations
  version: 09d027a4d4f7dea80780ae0b607003a84dce6507
  subpackages:
  - client
  - proto
- name: github.com/mitchellh/go-homedir
  version: b8bc1bf767474819792c23f32d8286a45736f1c6
- name: github.com/opentracing-contrib/go-observer
  version: a52f2342449246d5bcc273e65cbdcfa5f7d6c63c
- name: github.com/opentracing/opentracing-go
  version: 1361b9cd60be79c4c3a7fa9841b3c132e40066a7
  subpackages:
  - ext
  - log
- name: github.com/openzipkin/zipkin-go-opentracing
  version: c64eef160e31f1028ad4aa4dac7c04f215d72e0d
  subpackages:
  - flag
  - thrift/gen-go/scribe
  - thrift/gen-go/zipkincore
  - types
  - wire
- name: github.com/pierrec/lz4
  version: 08c27939df1bd95e881e2c2367a749964ad1fceb
- name: github.com/pierrec/xxHash
  version: a0006b13c722f7f12368c00a3d3c2ae8a999a0c6
  subpackages:
  - xxHash32
- name: github.com/rcrowley/go-metrics
  version: e181e095bae94582363434144c61a9653aff6e50
- name: github.com/Shopify/sarama
  version: cd645bfba7622e7de8971388543ff97ee026aad4
- name: github.com/ugorji/go
  version: bdcc60b419d136a85cdf2e7cbcac34b3f1cd6e57
  subpackages:
  - codec
- name: golang.org/x/net
  version: a8b9294777976932365dabb6640cf1468d95c70f
  subpackages:
  - context
  - http2
  - http2/hpack
  - idna
  - internal/timeseries
  - lex/httplex
  - trace
- name: golang.org/x/text
  version: b19bf474d317b857955b12035d2c5acb57ce8b01
  subpackages:
  - secure/bidirule
  - transform
  - unicode/bidi
  - unicode/norm
- name: google.golang.org/genproto
  version: 7f0da29060c682909f650ad8ed4e515bd74fa12a
  subpackages:
  - googleapis/api/annotations
  - googleapis/rpc/status
- name: google.golang.org/grpc
  version: bf35f1b9619f442d2887b585620f1fa2efa39bc0
  subpackages:
  - balancer
  - balancer/base
  - balancer/roundrobin
  - codes
  - connectivity
  - credentials
  - encoding
  - grpclb/grpc_lb_v1/messages
  - grpclog
  - internal
  - keepalive
  - metadata
  - naming
  - peer
  - reflection
  - reflection/grpc_reflection_v1alpha
  - resolver
  - resolver/dns
  - resolver/manual
  - resolver/passthrough
  - stats
  - status
  - tap
  - transport
testImports: []
